# THIS IS AN AUTOGENERATED FILE. DO NOT EDIT THIS FILE DIRECTLY.
# yarn lockfile v1


vuex@^3.6.0:
  version "3.6.0"
  resolved "https://registry.yarnpkg.com/vuex/-/vuex-3.6.0.tgz#95efa56a58f7607c135b053350833a09e01aa813"
  integrity sha512-W74OO2vCJPs9/YjNjW8lLbj+jzT24waTo2KShI8jLvJW8OaIkgb3wuAMA7D+ZiUxDOx3ubwSZTaJBip9G8a3aQ==
